// !$*UTF8*$!
{
	archiveVersion = 1;
	classes = {
	};
	objectVersion = 46;
	objects = {

/* Begin PBXBuildFile section */
		22DBD4E01D54BD540053863C /* AppDelegate.swift in Sources */ = {isa = PBXBuildFile; fileRef = 22DBD4DF1D54BD540053863C /* AppDelegate.swift */; };
		22DBD4E31D54BD540053863C /* test.xcdatamodeld in Sources */ = {isa = PBXBuildFile; fileRef = 22DBD4E11D54BD540053863C /* test.xcdatamodeld */; };
		22DBD4E51D54BD540053863C /* MasterViewController.swift in Sources */ = {isa = PBXBuildFile; fileRef = 22DBD4E41D54BD540053863C /* MasterViewController.swift */; };
		22DBD4E71D54BD540053863C /* DetailViewController.swift in Sources */ = {isa = PBXBuildFile; fileRef = 22DBD4E61D54BD540053863C /* DetailViewController.swift */; };
		22DBD4EA1D54BD540053863C /* Main.storyboard in Resources */ = {isa = PBXBuildFile; fileRef = 22DBD4E81D54BD540053863C /* Main.storyboard */; };
		22DBD4EC1D54BD540053863C /* Assets.xcassets in Resources */ = {isa = PBXBuildFile; fileRef = 22DBD4EB1D54BD540053863C /* Assets.xcassets */; };
		22DBD4EF1D54BD540053863C /* LaunchScreen.storyboard in Resources */ = {isa = PBXBuildFile; fileRef = 22DBD4ED1D54BD540053863C /* LaunchScreen.storyboard */; };
		22DBD4FA1D54BD540053863C /* testTests.swift in Sources */ = {isa = PBXBuildFile; fileRef = 22DBD4F91D54BD540053863C /* testTests.swift */; };
		22DBD5051D54BD540053863C /* testUITests.swift in Sources */ = {isa = PBXBuildFile; fileRef = 22DBD5041D54BD540053863C /* testUITests.swift */; };
/* End PBXBuildFile section */

/* Begin PBXContainerItemProxy section */
		22DBD4F61D54BD540053863C /* PBXContainerItemProxy */ = {
			isa = PBXContainerItemProxy;
			containerPortal = 22DBD4D41D54BD530053863C /* Project object */;
			proxyType = 1;
			remoteGlobalIDString = 22DBD4DB1D54BD530053863C;
			remoteInfo = test;
		};
		22DBD5011D54BD540053863C /* PBXContainerItemProxy */ = {
			isa = PBXContainerItemProxy;
			containerPortal = 22DBD4D41D54BD530053863C /* Project object */;
			proxyType = 1;
			remoteGlobalIDString = 22DBD4DB1D54BD530053863C;
			remoteInfo = test;
		};
/* End PBXContainerItemProxy section */

/* Begin PBXFileReference section */
		22DBD4DC1D54BD540053863C /* test.app */ = {isa = PBXFileReference; explicitFileType = wrapper.application; includeInIndex = 0; path = test.app; sourceTree = BUILT_PRODUCTS_DIR; };
		22DBD4DF1D54BD540053863C /* AppDelegate.swift */ = {isa = PBXFileReference; lastKnownFileType = sourcecode.swift; path = AppDelegate.swift; sourceTree = "<group>"; };
		22DBD4E21D54BD540053863C /* test.xcdatamodel */ = {isa = PBXFileReference; lastKnownFileType = wrapper.xcdatamodel; path = test.xcdatamodel; sourceTree = "<group>"; };
		22DBD4E41D54BD540053863C /* MasterViewController.swift */ = {isa = PBXFileReference; lastKnownFileType = sourcecode.swift; path = MasterViewController.swift; sourceTree = "<group>"; };
		22DBD4E61D54BD540053863C /* DetailViewController.swift */ = {isa = PBXFileReference; lastKnownFileType = sourcecode.swift; path = DetailViewController.swift; sourceTree = "<group>"; };
		22DBD4E91D54BD540053863C /* Base */ = {isa = PBXFileReference; lastKnownFileType = file.storyboard; name = Base; path = Base.lproj/Main.storyboard; sourceTree = "<group>"; };
		22DBD4EB1D54BD540053863C /* Assets.xcassets */ = {isa = PBXFileReference; lastKnownFileType = folder.assetcatalog; path = Assets.xcassets; sourceTree = "<group>"; };
		22DBD4EE1D54BD540053863C /* Base */ = {isa = PBXFileReference; lastKnownFileType = file.storyboard; name = Base; path = Base.lproj/LaunchScreen.storyboard; sourceTree = "<group>"; };
		22DBD4F01D54BD540053863C /* Info.plist */ = {isa = PBXFileReference; lastKnownFileType = text.plist.xml; path = Info.plist; sourceTree = "<group>"; };
		22DBD4F51D54BD540053863C /* testTests.xctest */ = {isa = PBXFileReference; explicitFileType = wrapper.cfbundle; includeInIndex = 0; path = testTests.xctest; sourceTree = BUILT_PRODUCTS_DIR; };
		22DBD4F91D54BD540053863C /* testTests.swift */ = {isa = PBXFileReference; lastKnownFileType = sourcecode.swift; path = testTests.swift; sourceTree = "<group>"; };
		22DBD4FB1D54BD540053863C /* Info.plist */ = {isa = PBXFileReference; lastKnownFileType = text.plist.xml; path = Info.plist; sourceTree = "<group>"; };
		22DBD5001D54BD540053863C /* testUITests.xctest */ = {isa = PBXFileReference; explicitFileType = wrapper.cfbundle; includeInIndex = 0; path = testUITests.xctest; sourceTree = BUILT_PRODUCTS_DIR; };
		22DBD5041D54BD540053863C /* testUITests.swift */ = {isa = PBXFileReference; lastKnownFileType = sourcecode.swift; path = testUITests.swift; sourceTree = "<group>"; };
		22DBD5061D54BD540053863C /* Info.plist */ = {isa = PBXFileReference; lastKnownFileType = text.plist.xml; path = Info.plist; sourceTree = "<group>"; };
/* End PBXFileReference section */

/* Begin PBXFrameworksBuildPhase section */
		22DBD4D91D54BD530053863C /* Frameworks */ = {
			isa = PBXFrameworksBuildPhase;
			buildActionMask = 2147483647;
			files = (
			);
			runOnlyForDeploymentPostprocessing = 0;
		};
		22DBD4F21D54BD540053863C /* Frameworks */ = {
			isa = PBXFrameworksBuildPhase;
			buildActionMask = 2147483647;
			files = (
			);
			runOnlyForDeploymentPostprocessing = 0;
		};
		22DBD4FD1D54BD540053863C /* Frameworks */ = {
			isa = PBXFrameworksBuildPhase;
			buildActionMask = 2147483647;
			files = (
			);
			runOnlyForDeploymentPostprocessing = 0;
		};
/* End PBXFrameworksBuildPhase section */

/* Begin PBXGroup section */
		22DBD4D31D54BD530053863C = {
			isa = PBXGroup;
			children = (
				22DBD4DE1D54BD540053863C /* test */,
				22DBD4F81D54BD540053863C /* testTests */,
				22DBD5031D54BD540053863C /* testUITests */,
				22DBD4DD1D54BD540053863C /* Products */,
			);
			sourceTree = "<group>";
		};
		22DBD4DD1D54BD540053863C /* Products */ = {
			isa = PBXGroup;
			children = (
				22DBD4DC1D54BD540053863C /* test.app */,
				22DBD4F51D54BD540053863C /* testTests.xctest */,
				22DBD5001D54BD540053863C /* testUITests.xctest */,
			);
			name = Products;
			sourceTree = "<group>";
		};
		22DBD4DE1D54BD540053863C /* test */ = {
			isa = PBXGroup;
			children = (
				22DBD4DF1D54BD540053863C /* AppDelegate.swift */,
				22DBD4E41D54BD540053863C /* MasterViewController.swift */,
				22DBD4E61D54BD540053863C /* DetailViewController.swift */,
				22DBD4E81D54BD540053863C /* Main.storyboard */,
				22DBD4EB1D54BD540053863C /* Assets.xcassets */,
				22DBD4ED1D54BD540053863C /* LaunchScreen.storyboard */,
				22DBD4F01D54BD540053863C /* Info.plist */,
				22DBD4E11D54BD540053863C /* test.xcdatamodeld */,
			);
			path = test;
			sourceTree = "<group>";
		};
		22DBD4F81D54BD540053863C /* testTests */ = {
			isa = PBXGroup;
			children = (
				22DBD4F91D54BD540053863C /* testTests.swift */,
				22DBD4FB1D54BD540053863C /* Info.plist */,
			);
			path = testTests;
			sourceTree = "<group>";
		};
		22DBD5031D54BD540053863C /* testUITests */ = {
			isa = PBXGroup;
			children = (
				22DBD5041D54BD540053863C /* testUITests.swift */,
				22DBD5061D54BD540053863C /* Info.plist */,
			);
			path = testUITests;
			sourceTree = "<group>";
		};
/* End PBXGroup section */

/* Begin PBXNativeTarget section */
		22DBD4DB1D54BD530053863C /* test */ = {
			isa = PBXNativeTarget;
			buildConfigurationList = 22DBD5091D54BD540053863C /* Build configuration list for PBXNativeTarget "test" */;
			buildPhases = (
				22DBD4D81D54BD530053863C /* Sources */,
				22DBD4D91D54BD530053863C /* Frameworks */,
				22DBD4DA1D54BD530053863C /* Resources */,
			);
			buildRules = (
			);
			dependencies = (
			);
			name = test;
			productName = test;
			productReference = 22DBD4DC1D54BD540053863C /* test.app */;
			productType = "com.apple.product-type.application";
		};
		22DBD4F41D54BD540053863C /* testTests */ = {
			isa = PBXNativeTarget;
			buildConfigurationList = 22DBD50C1D54BD540053863C /* Build configuration list for PBXNativeTarget "testTests" */;
			buildPhases = (
				22DBD4F11D54BD540053863C /* Sources */,
				22DBD4F21D54BD540053863C /* Frameworks */,
				22DBD4F31D54BD540053863C /* Resources */,
			);
			buildRules = (
			);
			dependencies = (
				22DBD4F71D54BD540053863C /* PBXTargetDependency */,
			);
			name = testTests;
			productName = testTests;
			productReference = 22DBD4F51D54BD540053863C /* testTests.xctest */;
			productType = "com.apple.product-type.bundle.unit-test";
		};
		22DBD4FF1D54BD540053863C /* testUITests */ = {
			isa = PBXNativeTarget;
			buildConfigurationList = 22DBD50F1D54BD540053863C /* Build configuration list for PBXNativeTarget "testUITests" */;
			buildPhases = (
				22DBD4FC1D54BD540053863C /* Sources */,
				22DBD4FD1D54BD540053863C /* Frameworks */,
				22DBD4FE1D54BD540053863C /* Resources */,
			);
			buildRules = (
			);
			dependencies = (
				22DBD5021D54BD540053863C /* PBXTargetDependency */,
			);
			name = testUITests;
			productName = testUITests;
			productReference = 22DBD5001D54BD540053863C /* testUITests.xctest */;
			productType = "com.apple.product-type.bundle.ui-testing";
		};
/* End PBXNativeTarget section */

/* Begin PBXProject section */
		22DBD4D41D54BD530053863C /* Project object */ = {
			isa = PBXProject;
			attributes = {
				LastSwiftUpdateCheck = 0730;
				LastUpgradeCheck = 0730;
				ORGANIZATIONNAME = "Nextep Technology";
				TargetAttributes = {
					22DBD4DB1D54BD530053863C = {
						CreatedOnToolsVersion = 7.3.1;
					};
					22DBD4F41D54BD540053863C = {
						CreatedOnToolsVersion = 7.3.1;
						TestTargetID = 22DBD4DB1D54BD530053863C;
					};
					22DBD4FF1D54BD540053863C = {
						CreatedOnToolsVersion = 7.3.1;
						TestTargetID = 22DBD4DB1D54BD530053863C;
					};
				};
			};
			buildConfigurationList = 22DBD4D71D54BD530053863C /* Build configuration list for PBXProject "test" */;
			compatibilityVersion = "Xcode 3.2";
			developmentRegion = English;
			hasScannedForEncodings = 0;
			knownRegions = (
				en,
				Base,
			);
			mainGroup = 22DBD4D31D54BD530053863C;
			productRefGroup = 22DBD4DD1D54BD540053863C /* Products */;
			projectDirPath = "";
			projectRoot = "";
			targets = (
				22DBD4DB1D54BD530053863C /* test */,
				22DBD4F41D54BD540053863C /* testTests */,
				22DBD4FF1D54BD540053863C /* testUITests */,
			);
		};
/* End PBXProject section */

/* Begin PBXResourcesBuildPhase section */
		22DBD4DA1D54BD530053863C /* Resources */ = {
			isa = PBXResourcesBuildPhase;
			buildActionMask = 2147483647;
			files = (
				22DBD4EF1D54BD540053863C /* LaunchScreen.storyboard in Resources */,
				22DBD4EC1D54BD540053863C /* Assets.xcassets in Resources */,
				22DBD4EA1D54BD540053863C /* Main.storyboard in Resources */,
			);
			runOnlyForDeploymentPostprocessing = 0;
		};
		22DBD4F31D54BD540053863C /* Resources */ = {
			isa = PBXResourcesBuildPhase;
			buildActionMask = 2147483647;
			files = (
			);
			runOnlyForDeploymentPostprocessing = 0;
		};
		22DBD4FE1D54BD540053863C /* Resources */ = {
			isa = PBXResourcesBuildPhase;
			buildActionMask = 2147483647;
			files = (
			);
			runOnlyForDeploymentPostprocessing = 0;
		};
/* End PBXResourcesBuildPhase section */

/* Begin PBXSourcesBuildPhase section */
		22DBD4D81D54BD530053863C /* Sources */ = {
			isa = PBXSourcesBuildPhase;
			buildActionMask = 2147483647;
			files = (
				22DBD4E01D54BD540053863C /* AppDelegate.swift in Sources */,
				22DBD4E31D54BD540053863C /* test.xcdatamodeld in Sources */,
				22DBD4E51D54BD540053863C /* MasterViewController.swift in Sources */,
				22DBD4E71D54BD540053863C /* DetailViewController.swift in Sources */,
			);
			runOnlyForDeploymentPostprocessing = 0;
		};
		22DBD4F11D54BD540053863C /* Sources */ = {
			isa = PBXSourcesBuildPhase;
			buildActionMask = 2147483647;
			files = (
				22DBD4FA1D54BD540053863C /* testTests.swift in Sources */,
			);
			runOnlyForDeploymentPostprocessing = 0;
		};
		22DBD4FC1D54BD540053863C /* Sources */ = {
			isa = PBXSourcesBuildPhase;
			buildActionMask = 2147483647;
			files = (
				22DBD5051D54BD540053863C /* testUITests.swift in Sources */,
			);
			runOnlyForDeploymentPostprocessing = 0;
		};
/* End PBXSourcesBuildPhase section */

/* Begin PBXTargetDependency section */
		22DBD4F71D54BD540053863C /* PBXTargetDependency */ = {
			isa = PBXTargetDependency;
			target = 22DBD4DB1D54BD530053863C /* test */;
			targetProxy = 22DBD4F61D54BD540053863C /* PBXContainerItemProxy */;
		};
		22DBD5021D54BD540053863C /* PBXTargetDependency */ = {
			isa = PBXTargetDependency;
			target = 22DBD4DB1D54BD530053863C /* test */;
			targetProxy = 22DBD5011D54BD540053863C /* PBXContainerItemProxy */;
		};
/* End PBXTargetDependency section */

/* Begin PBXVariantGroup section */
		22DBD4E81D54BD540053863C /* Main.storyboard */ = {
			isa = PBXVariantGroup;
			children = (
				22DBD4E91D54BD540053863C /* Base */,
			);
			name = Main.storyboard;
			sourceTree = "<group>";
		};
		22DBD4ED1D54BD540053863C /* LaunchScreen.storyboard */ = {
			isa = PBXVariantGroup;
			children = (
				22DBD4EE1D54BD540053863C /* Base */,
			);
			name = LaunchScreen.storyboard;
			sourceTree = "<group>";
		};
/* End PBXVariantGroup section */

/* Begin XCBuildConfiguration section */
		22DBD5071D54BD540053863C /* Debug */ = {
			isa = XCBuildConfiguration;
			buildSettings = {
				ALWAYS_SEARCH_USER_PATHS = NO;
				CLANG_ANALYZER_NONNULL = YES;
				CLANG_CXX_LANGUAGE_STANDARD = "gnu++0x";
				CLANG_CXX_LIBRARY = "libc++";
				CLANG_ENABLE_MODULES = YES;
				CLANG_ENABLE_OBJC_ARC = YES;
				CLANG_WARN_BOOL_CONVERSION = YES;
				CLANG_WARN_CONSTANT_CONVERSION = YES;
				CLANG_WARN_DIRECT_OBJC_ISA_USAGE = YES_ERROR;
				CLANG_WARN_EMPTY_BODY = YES;
				CLANG_WARN_ENUM_CONVERSION = YES;
				CLANG_WARN_INT_CONVERSION = YES;
				CLANG_WARN_OBJC_ROOT_CLASS = YES_ERROR;
				CLANG_WARN_UNREACHABLE_CODE = YES;
				CLANG_WARN__DUPLICATE_METHOD_MATCH = YES;
				"CODE_SIGN_IDENTITY[sdk=iphoneos*]" = "iPhone Developer";
				COPY_PHASE_STRIP = NO;
				DEBUG_INFORMATION_FORMAT = dwarf;
				ENABLE_STRICT_OBJC_MSGSEND = YES;
				ENABLE_TESTABILITY = YES;
				GCC_C_LANGUAGE_STANDARD = gnu99;
				GCC_DYNAMIC_NO_PIC = NO;
				GCC_NO_COMMON_BLOCKS = YES;
				GCC_OPTIMIZATION_LEVEL = 0;
				GCC_PREPROCESSOR_DEFINITIONS = (
					"DEBUG=1",
					"$(inherited)",
				);
				GCC_WARN_64_TO_32_BIT_CONVERSION = YES;
				GCC_WARN_ABOUT_RETURN_TYPE = YES_ERROR;
				GCC_WARN_UNDECLARED_SELECTOR = YES;
				GCC_WARN_UNINITIALIZED_AUTOS = YES_AGGRESSIVE;
				GCC_WARN_UNUSED_FUNCTION = YES;
				GCC_WARN_UNUSED_VARIABLE = YES;
				IPHONEOS_DEPLOYMENT_TARGET = 9.3;
				MTL_ENABLE_DEBUG_INFO = YES;
				ONLY_ACTIVE_ARCH = YES;
				SDKROOT = iphoneos;
				SWIFT_OPTIMIZATION_LEVEL = "-Onone";
				TARGETED_DEVICE_FAMILY = "1,2";
			};
			name = Debug;
		};
		22DBD5081D54BD540053863C /* Release */ = {
			isa = XCBuildConfiguration;
			buildSettings = {
				ALWAYS_SEARCH_USER_PATHS = NO;
				CLANG_ANALYZER_NONNULL = YES;
				CLANG_CXX_LANGUAGE_STANDARD = "gnu++0x";
				CLANG_CXX_LIBRARY = "libc++";
				CLANG_ENABLE_MODULES = YES;
				CLANG_ENABLE_OBJC_ARC = YES;
				CLANG_WARN_BOOL_CONVERSION = YES;
				CLANG_WARN_CONSTANT_CONVERSION = YES;
				CLANG_WARN_DIRECT_OBJC_ISA_USAGE = YES_ERROR;
				CLANG_WARN_EMPTY_BODY = YES;
				CLANG_WARN_ENUM_CONVERSION = YES;
				CLANG_WARN_INT_CONVERSION = YES;
				CLANG_WARN_OBJC_ROOT_CLASS = YES_ERROR;
				CLANG_WARN_UNREACHABLE_CODE = YES;
				CLANG_WARN__DUPLICATE_METHOD_MATCH = YES;
				"CODE_SIGN_IDENTITY[sdk=iphoneos*]" = "iPhone Developer";
				COPY_PHASE_STRIP = NO;
				DEBUG_INFORMATION_FORMAT = "dwarf-with-dsym";
				ENABLE_NS_ASSERTIONS = NO;
				ENABLE_STRICT_OBJC_MSGSEND = YES;
				GCC_C_LANGUAGE_STANDARD = gnu99;
				GCC_NO_COMMON_BLOCKS = YES;
				GCC_WARN_64_TO_32_BIT_CONVERSION = YES;
				GCC_WARN_ABOUT_RETURN_TYPE = YES_ERROR;
				GCC_WARN_UNDECLARED_SELECTOR = YES;
				GCC_WARN_UNINITIALIZED_AUTOS = YES_AGGRESSIVE;
				GCC_WARN_UNUSED_FUNCTION = YES;
				GCC_WARN_UNUSED_VARIABLE = YES;
				IPHONEOS_DEPLOYMENT_TARGET = 9.3;
				MTL_ENABLE_DEBUG_INFO = NO;
				SDKROOT = iphoneos;
				TARGETED_DEVICE_FAMILY = "1,2";
				VALIDATE_PRODUCT = YES;
			};
			name = Release;
		};
		22DBD50A1D54BD540053863C /* Debug */ = {
			isa = XCBuildConfiguration;
			buildSettings = {
				ASSETCATALOG_COMPILER_APPICON_NAME = AppIcon;
				INFOPLIST_FILE = test/Info.plist;
				LD_RUNPATH_SEARCH_PATHS = "$(inherited) @executable_path/Frameworks";
				PRODUCT_BUNDLE_IDENTIFIER = tech.nextep.test;
				PRODUCT_NAME = "$(TARGET_NAME)";
			};
			name = Debug;
		};
		22DBD50B1D54BD540053863C /* Release */ = {
			isa = XCBuildConfiguration;
			buildSettings = {
				ASSETCATALOG_COMPILER_APPICON_NAME = AppIcon;
				INFOPLIST_FILE = test/Info.plist;
				LD_RUNPATH_SEARCH_PATHS = "$(inherited) @executable_path/Frameworks";
				PRODUCT_BUNDLE_IDENTIFIER = tech.nextep.test;
				PRODUCT_NAME = "$(TARGET_NAME)";
			};
			name = Release;
		};
		22DBD50D1D54BD540053863C /* Debug */ = {
			isa = XCBuildConfiguration;
			buildSettings = {
				BUNDLE_LOADER = "$(TEST_HOST)";
				INFOPLIST_FILE = testTests/Info.plist;
				LD_RUNPATH_SEARCH_PATHS = "$(inherited) @executable_path/Frameworks @loader_path/Frameworks";
				PRODUCT_BUNDLE_IDENTIFIER = tech.nextep.testTests;
				PRODUCT_NAME = "$(TARGET_NAME)";
				TEST_HOST = "$(BUILT_PRODUCTS_DIR)/test.app/test";
			};
			name = Debug;
		};
		22DBD50E1D54BD540053863C /* Release */ = {
			isa = XCBuildConfiguration;
			buildSettings = {
				BUNDLE_LOADER = "$(TEST_HOST)";
				INFOPLIST_FILE = testTests/Info.plist;
				LD_RUNPATH_SEARCH_PATHS = "$(inherited) @executable_path/Frameworks @loader_path/Frameworks";
				PRODUCT_BUNDLE_IDENTIFIER = tech.nextep.testTests;
				PRODUCT_NAME = "$(TARGET_NAME)";
				TEST_HOST = "$(BUILT_PRODUCTS_DIR)/test.app/test";
			};
			name = Release;
		};
		22DBD5101D54BD540053863C /* Debug */ = {
			isa = XCBuildConfiguration;
			buildSettings = {
				INFOPLIST_FILE = testUITests/Info.plist;
				LD_RUNPATH_SEARCH_PATHS = "$(inherited) @executable_path/Frameworks @loader_path/Frameworks";
				PRODUCT_BUNDLE_IDENTIFIER = tech.nextep.testUITests;
				PRODUCT_NAME = "$(TARGET_NAME)";
				TEST_TARGET_NAME = test;
			};
			name = Debug;
		};
		22DBD5111D54BD540053863C /* Release */ = {
			isa = XCBuildConfiguration;
			buildSettings = {
				INFOPLIST_FILE = testUITests/Info.plist;
				LD_RUNPATH_SEARCH_PATHS = "$(inherited) @executable_path/Frameworks @loader_path/Frameworks";
				PRODUCT_BUNDLE_IDENTIFIER = tech.nextep.testUITests;
				PRODUCT_NAME = "$(TARGET_NAME)";
				TEST_TARGET_NAME = test;
			};
			name = Release;
		};
/* End XCBuildConfiguration section */

/* Begin XCConfigurationList section */
		22DBD4D71D54BD530053863C /* Build configuration list for PBXProject "test" */ = {
			isa = XCConfigurationList;
			buildConfigurations = (
				22DBD5071D54BD540053863C /* Debug */,
				22DBD5081D54BD540053863C /* Release */,
			);
			defaultConfigurationIsVisible = 0;
			defaultConfigurationName = Release;
		};
		22DBD5091D54BD540053863C /* Build configuration list for PBXNativeTarget "test" */ = {
			isa = XCConfigurationList;
			buildConfigurations = (
				22DBD50A1D54BD540053863C /* Debug */,
				22DBD50B1D54BD540053863C /* Release */,
			);
			defaultConfigurationIsVisible = 0;
		};
		22DBD50C1D54BD540053863C /* Build configuration list for PBXNativeTarget "testTests" */ = {
			isa = XCConfigurationList;
			buildConfigurations = (
				22DBD50D1D54BD540053863C /* Debug */,
				22DBD50E1D54BD540053863C /* Release */,
			);
			defaultConfigurationIsVisible = 0;
		};
		22DBD50F1D54BD540053863C /* Build configuration list for PBXNativeTarget "testUITests" */ = {
			isa = XCConfigurationList;
			buildConfigurations = (
				22DBD5101D54BD540053863C /* Debug */,
				22DBD5111D54BD540053863C /* Release */,
			);
			defaultConfigurationIsVisible = 0;
		};
/* End XCConfigurationList section */

/* Begin XCVersionGroup section */
		22DBD4E11D54BD540053863C /* test.xcdatamodeld */ = {
			isa = XCVersionGroup;
			children = (
				22DBD4E21D54BD540053863C /* test.xcdatamodel */,
			);
			currentVersion = 22DBD4E21D54BD540053863C /* test.xcdatamodel */;
			path = test.xcdatamodeld;
			sourceTree = "<group>";
			versionGroupType = wrapper.xcdatamodel;
		};
/* End XCVersionGroup section */
	};
	rootObject = 22DBD4D41D54BD530053863C /* Project object */;
}
